// !$*UTF8*$!
{
	archiveVersion = 1;
	classes = {
	};
	objectVersion = 50;
	objects = {

/* Begin PBXBuildFile section */
		66435F7120DA2C67008C6689 /* scheduleItemSectionHeaderView.swift in Sources */ = {isa = PBXBuildFile; fileRef = 66435F7020DA2C67008C6689 /* scheduleItemSectionHeaderView.swift */; };
		665BC1BB20CC420C00948768 /* gamesViewController.swift in Sources */ = {isa = PBXBuildFile; fileRef = 665BC1BA20CC420C00948768 /* gamesViewController.swift */; };
		665BC1BE20CC460400948768 /* TeamObject.swift in Sources */ = {isa = PBXBuildFile; fileRef = 665BC1BD20CC460400948768 /* TeamObject.swift */; };
		665BC1C020CC470900948768 /* GameObject.swift in Sources */ = {isa = PBXBuildFile; fileRef = 665BC1BF20CC470900948768 /* GameObject.swift */; };
		665E546520F1277100B96510 /* UIWindowManager.swift in Sources */ = {isa = PBXBuildFile; fileRef = 665E546420F1277100B96510 /* UIWindowManager.swift */; };
		665E546720F12B8000B96510 /* todayGameViewController.swift in Sources */ = {isa = PBXBuildFile; fileRef = 665E546620F12B8000B96510 /* todayGameViewController.swift */; };
		665E546A20F12BA900B96510 /* Extensions.swift in Sources */ = {isa = PBXBuildFile; fileRef = 665E546920F12BA900B96510 /* Extensions.swift */; };
		667CC3C22102DE4A00ADEE05 /* MessAround.xib in Resources */ = {isa = PBXBuildFile; fileRef = 667CC3C12102DE4A00ADEE05 /* MessAround.xib */; };
		66800D6620F7551200919239 /* DayObject.swift in Sources */ = {isa = PBXBuildFile; fileRef = 66800D6520F7551200919239 /* DayObject.swift */; };
		66800D6820F7552B00919239 /* WeekObject.swift in Sources */ = {isa = PBXBuildFile; fileRef = 66800D6720F7552B00919239 /* WeekObject.swift */; };
		66800D6A20F7554E00919239 /* SplitObject.swift in Sources */ = {isa = PBXBuildFile; fileRef = 66800D6920F7554E00919239 /* SplitObject.swift */; };
		66800D6C20F75CAE00919239 /* DefaultsKeys.swift in Sources */ = {isa = PBXBuildFile; fileRef = 66800D6B20F75CAE00919239 /* DefaultsKeys.swift */; };
		66800D7120F762A600919239 /* Settings.bundle in Resources */ = {isa = PBXBuildFile; fileRef = 66800D7020F762A600919239 /* Settings.bundle */; };
		66805D192103195800D093CD /* MyTeamsViewController.swift in Sources */ = {isa = PBXBuildFile; fileRef = 66805D182103195800D093CD /* MyTeamsViewController.swift */; };
		6680BD6220F9AE71004D9F4D /* Protocols.swift in Sources */ = {isa = PBXBuildFile; fileRef = 6680BD6120F9AE71004D9F4D /* Protocols.swift */; };
		6680CFD520D61B2300682FE2 /* s8s2.json in Resources */ = {isa = PBXBuildFile; fileRef = 6680CFD420D61B2300682FE2 /* s8s2.json */; };
		6686D95120D3ECEF0058C7B3 /* FeaturedGameView.swift in Sources */ = {isa = PBXBuildFile; fileRef = 6686D95020D3ECEF0058C7B3 /* FeaturedGameView.swift */; };
		66894FAD20E0C33F00AE5013 /* available.json in Resources */ = {isa = PBXBuildFile; fileRef = 66894FAC20E0C33F00AE5013 /* available.json */; };
		66894FB020E0E8F000AE5013 /* menuTableViewCell.swift in Sources */ = {isa = PBXBuildFile; fileRef = 66894FAF20E0E8F000AE5013 /* menuTableViewCell.swift */; };
		66894FB220E0FE8100AE5013 /* s8s1.json in Resources */ = {isa = PBXBuildFile; fileRef = 66894FB120E0FE8100AE5013 /* s8s1.json */; };
		6697609320F854B800F7CAA4 /* AppLoadingViewController.swift in Sources */ = {isa = PBXBuildFile; fileRef = 6697609220F854B800F7CAA4 /* AppLoadingViewController.swift */; };
		6699EDBB20D32D91001DED0E /* GamesCommunicator.swift in Sources */ = {isa = PBXBuildFile; fileRef = 6699EDBA20D32D91001DED0E /* GamesCommunicator.swift */; };
		6699EDBD20D337FB001DED0E /* libsqlite3.tbd in Frameworks */ = {isa = PBXBuildFile; fileRef = 6699EDBC20D337FB001DED0E /* libsqlite3.tbd */; };
		66ABA6B3210071C5003FAA11 /* Default.strings in Resources */ = {isa = PBXBuildFile; fileRef = 66ABA6B2210071C5003FAA11 /* Default.strings */; };
		66ABA6B521007A6D003FAA11 /* NextGame.swift in Sources */ = {isa = PBXBuildFile; fileRef = 66ABA6B421007A6D003FAA11 /* NextGame.swift */; };
		66ABA6B721007A98003FAA11 /* LaterGame.swift in Sources */ = {isa = PBXBuildFile; fileRef = 66ABA6B621007A98003FAA11 /* LaterGame.swift */; };
		66ABA6B921007ACD003FAA11 /* SeasonObject.swift in Sources */ = {isa = PBXBuildFile; fileRef = 66ABA6B821007ACD003FAA11 /* SeasonObject.swift */; };
		66ABA6BB2100894D003FAA11 /* Errors.swift in Sources */ = {isa = PBXBuildFile; fileRef = 66ABA6BA2100894D003FAA11 /* Errors.swift */; };
		66ABA6BF2101963F003FAA11 /* GamesTableView.swift in Sources */ = {isa = PBXBuildFile; fileRef = 66ABA6BE2101963F003FAA11 /* GamesTableView.swift */; };
		66B7E57F20E2BDB300678767 /* menuHeaderView.swift in Sources */ = {isa = PBXBuildFile; fileRef = 66B7E57E20E2BDB300678767 /* menuHeaderView.swift */; };
		66C013B920E102640095B1EE /* TimeBrowser.swift in Sources */ = {isa = PBXBuildFile; fileRef = 66C013B820E102640095B1EE /* TimeBrowser.swift */; };
		66C9B0AC20CB3C6200A2B14C /* AppDelegate.swift in Sources */ = {isa = PBXBuildFile; fileRef = 66C9B0AB20CB3C6200A2B14C /* AppDelegate.swift */; };
		66C9B0B320CB3C6300A2B14C /* Assets.xcassets in Resources */ = {isa = PBXBuildFile; fileRef = 66C9B0B220CB3C6300A2B14C /* Assets.xcassets */; };
		66C9B0B620CB3C6300A2B14C /* LaunchScreen.storyboard in Resources */ = {isa = PBXBuildFile; fileRef = 66C9B0B420CB3C6300A2B14C /* LaunchScreen.storyboard */; };
		66C9B0C020CB41CB00A2B14C /* menuTableViewController.swift in Sources */ = {isa = PBXBuildFile; fileRef = 66C9B0BF20CB41CB00A2B14C /* menuTableViewController.swift */; };
		66C9B0C220CB41D800A2B14C /* gameFilterViewController.swift in Sources */ = {isa = PBXBuildFile; fileRef = 66C9B0C120CB41D800A2B14C /* gameFilterViewController.swift */; };
		66C9B0C820CB436400A2B14C /* scheduleItemTableViewCell.swift in Sources */ = {isa = PBXBuildFile; fileRef = 66C9B0C620CB436400A2B14C /* scheduleItemTableViewCell.swift */; };
		66C9B0CB20CB463B00A2B14C /* teamOverlayView.swift in Sources */ = {isa = PBXBuildFile; fileRef = 66C9B0CA20CB463B00A2B14C /* teamOverlayView.swift */; };
		66D7B42620CCE9A700F37B96 /* FABrands.otf in Resources */ = {isa = PBXBuildFile; fileRef = 66D7B42220CCE9A700F37B96 /* FABrands.otf */; };
		66D7B42720CCE9A700F37B96 /* FALight.otf in Resources */ = {isa = PBXBuildFile; fileRef = 66D7B42320CCE9A700F37B96 /* FALight.otf */; };
		66D7B42820CCE9A700F37B96 /* FASolid.otf in Resources */ = {isa = PBXBuildFile; fileRef = 66D7B42420CCE9A700F37B96 /* FASolid.otf */; };
		66D7B42920CCE9A700F37B96 /* FARegular.otf in Resources */ = {isa = PBXBuildFile; fileRef = 66D7B42520CCE9A700F37B96 /* FARegular.otf */; };
		66D7B42B20CCF1B100F37B96 /* MenuInterfacingController.swift in Sources */ = {isa = PBXBuildFile; fileRef = 66D7B42A20CCF1B100F37B96 /* MenuInterfacingController.swift */; };
		75807F5BF0872A5BA1653D6C /* Pods_Syndra.framework in Frameworks */ = {isa = PBXBuildFile; fileRef = AA0E18FB2C0FD3699150BFDB /* Pods_Syndra.framework */; };
/* End PBXBuildFile section */

/* Begin PBXFileReference section */
		536F803088623AC84BB47E41 /* Pods-Syndra.release.xcconfig */ = {isa = PBXFileReference; includeInIndex = 1; lastKnownFileType = text.xcconfig; name = "Pods-Syndra.release.xcconfig"; path = "Pods/Target Support Files/Pods-Syndra/Pods-Syndra.release.xcconfig"; sourceTree = "<group>"; };
		66435F7020DA2C67008C6689 /* scheduleItemSectionHeaderView.swift */ = {isa = PBXFileReference; lastKnownFileType = sourcecode.swift; path = scheduleItemSectionHeaderView.swift; sourceTree = "<group>"; };
		665BC1BA20CC420C00948768 /* gamesViewController.swift */ = {isa = PBXFileReference; lastKnownFileType = sourcecode.swift; path = gamesViewController.swift; sourceTree = "<group>"; };
		665BC1BD20CC460400948768 /* TeamObject.swift */ = {isa = PBXFileReference; lastKnownFileType = sourcecode.swift; path = TeamObject.swift; sourceTree = "<group>"; };
		665BC1BF20CC470900948768 /* GameObject.swift */ = {isa = PBXFileReference; lastKnownFileType = sourcecode.swift; path = GameObject.swift; sourceTree = "<group>"; };
		665E546420F1277100B96510 /* UIWindowManager.swift */ = {isa = PBXFileReference; lastKnownFileType = sourcecode.swift; path = UIWindowManager.swift; sourceTree = "<group>"; };
		665E546620F12B8000B96510 /* todayGameViewController.swift */ = {isa = PBXFileReference; lastKnownFileType = sourcecode.swift; path = todayGameViewController.swift; sourceTree = "<group>"; };
		665E546920F12BA900B96510 /* Extensions.swift */ = {isa = PBXFileReference; lastKnownFileType = sourcecode.swift; path = Extensions.swift; sourceTree = "<group>"; };
		667CC3C12102DE4A00ADEE05 /* MessAround.xib */ = {isa = PBXFileReference; lastKnownFileType = file.xib; path = MessAround.xib; sourceTree = "<group>"; };
		66800D6520F7551200919239 /* DayObject.swift */ = {isa = PBXFileReference; lastKnownFileType = sourcecode.swift; path = DayObject.swift; sourceTree = "<group>"; };
		66800D6720F7552B00919239 /* WeekObject.swift */ = {isa = PBXFileReference; lastKnownFileType = sourcecode.swift; path = WeekObject.swift; sourceTree = "<group>"; };
		66800D6920F7554E00919239 /* SplitObject.swift */ = {isa = PBXFileReference; lastKnownFileType = sourcecode.swift; path = SplitObject.swift; sourceTree = "<group>"; };
		66800D6B20F75CAE00919239 /* DefaultsKeys.swift */ = {isa = PBXFileReference; lastKnownFileType = sourcecode.swift; path = DefaultsKeys.swift; sourceTree = "<group>"; };
		66800D7020F762A600919239 /* Settings.bundle */ = {isa = PBXFileReference; lastKnownFileType = "wrapper.plug-in"; path = Settings.bundle; sourceTree = "<group>"; };
		66805D182103195800D093CD /* MyTeamsViewController.swift */ = {isa = PBXFileReference; lastKnownFileType = sourcecode.swift; path = MyTeamsViewController.swift; sourceTree = "<group>"; };
		6680BD6120F9AE71004D9F4D /* Protocols.swift */ = {isa = PBXFileReference; lastKnownFileType = sourcecode.swift; path = Protocols.swift; sourceTree = "<group>"; };
		6680CFD420D61B2300682FE2 /* s8s2.json */ = {isa = PBXFileReference; fileEncoding = 4; lastKnownFileType = text.json; path = s8s2.json; sourceTree = "<group>"; };
		6686D95020D3ECEF0058C7B3 /* FeaturedGameView.swift */ = {isa = PBXFileReference; lastKnownFileType = sourcecode.swift; path = FeaturedGameView.swift; sourceTree = "<group>"; };
		66894FAC20E0C33F00AE5013 /* available.json */ = {isa = PBXFileReference; lastKnownFileType = text.json; path = available.json; sourceTree = "<group>"; };
		66894FAE20E0E29700AE5013 /* Syndra.entitlements */ = {isa = PBXFileReference; lastKnownFileType = text.plist.entitlements; path = Syndra.entitlements; sourceTree = "<group>"; };
		66894FAF20E0E8F000AE5013 /* menuTableViewCell.swift */ = {isa = PBXFileReference; lastKnownFileType = sourcecode.swift; path = menuTableViewCell.swift; sourceTree = "<group>"; };
		66894FB120E0FE8100AE5013 /* s8s1.json */ = {isa = PBXFileReference; fileEncoding = 4; lastKnownFileType = text.json; path = s8s1.json; sourceTree = "<group>"; };
		6697609220F854B800F7CAA4 /* AppLoadingViewController.swift */ = {isa = PBXFileReference; lastKnownFileType = sourcecode.swift; path = AppLoadingViewController.swift; sourceTree = "<group>"; };
		6699EDBA20D32D91001DED0E /* GamesCommunicator.swift */ = {isa = PBXFileReference; lastKnownFileType = sourcecode.swift; path = GamesCommunicator.swift; sourceTree = "<group>"; };
		6699EDBC20D337FB001DED0E /* libsqlite3.tbd */ = {isa = PBXFileReference; lastKnownFileType = "sourcecode.text-based-dylib-definition"; name = libsqlite3.tbd; path = usr/lib/libsqlite3.tbd; sourceTree = SDKROOT; };
		66ABA6B2210071C5003FAA11 /* Default.strings */ = {isa = PBXFileReference; lastKnownFileType = text.plist.strings; path = Default.strings; sourceTree = "<group>"; };
		66ABA6B421007A6D003FAA11 /* NextGame.swift */ = {isa = PBXFileReference; lastKnownFileType = sourcecode.swift; path = NextGame.swift; sourceTree = "<group>"; };
		66ABA6B621007A98003FAA11 /* LaterGame.swift */ = {isa = PBXFileReference; lastKnownFileType = sourcecode.swift; path = LaterGame.swift; sourceTree = "<group>"; };
		66ABA6B821007ACD003FAA11 /* SeasonObject.swift */ = {isa = PBXFileReference; lastKnownFileType = sourcecode.swift; path = SeasonObject.swift; sourceTree = "<group>"; };
		66ABA6BA2100894D003FAA11 /* Errors.swift */ = {isa = PBXFileReference; lastKnownFileType = sourcecode.swift; path = Errors.swift; sourceTree = "<group>"; };
		66ABA6BE2101963F003FAA11 /* GamesTableView.swift */ = {isa = PBXFileReference; lastKnownFileType = sourcecode.swift; path = GamesTableView.swift; sourceTree = "<group>"; };
		66B7E57E20E2BDB300678767 /* menuHeaderView.swift */ = {isa = PBXFileReference; lastKnownFileType = sourcecode.swift; path = menuHeaderView.swift; sourceTree = "<group>"; };
		66C013B820E102640095B1EE /* TimeBrowser.swift */ = {isa = PBXFileReference; lastKnownFileType = sourcecode.swift; path = TimeBrowser.swift; sourceTree = "<group>"; };
		66C9B0A820CB3C6200A2B14C /* Syndra.app */ = {isa = PBXFileReference; explicitFileType = wrapper.application; includeInIndex = 0; path = Syndra.app; sourceTree = BUILT_PRODUCTS_DIR; };
		66C9B0AB20CB3C6200A2B14C /* AppDelegate.swift */ = {isa = PBXFileReference; lastKnownFileType = sourcecode.swift; path = AppDelegate.swift; sourceTree = "<group>"; };
		66C9B0B220CB3C6300A2B14C /* Assets.xcassets */ = {isa = PBXFileReference; lastKnownFileType = folder.assetcatalog; path = Assets.xcassets; sourceTree = "<group>"; };
		66C9B0B520CB3C6300A2B14C /* Base */ = {isa = PBXFileReference; lastKnownFileType = file.storyboard; name = Base; path = Base.lproj/LaunchScreen.storyboard; sourceTree = "<group>"; };
		66C9B0B720CB3C6300A2B14C /* Info.plist */ = {isa = PBXFileReference; lastKnownFileType = text.plist.xml; path = Info.plist; sourceTree = "<group>"; };
		66C9B0BF20CB41CB00A2B14C /* menuTableViewController.swift */ = {isa = PBXFileReference; lastKnownFileType = sourcecode.swift; path = menuTableViewController.swift; sourceTree = "<group>"; };
		66C9B0C120CB41D800A2B14C /* gameFilterViewController.swift */ = {isa = PBXFileReference; lastKnownFileType = sourcecode.swift; path = gameFilterViewController.swift; sourceTree = "<group>"; };
		66C9B0C620CB436400A2B14C /* scheduleItemTableViewCell.swift */ = {isa = PBXFileReference; lastKnownFileType = sourcecode.swift; path = scheduleItemTableViewCell.swift; sourceTree = "<group>"; };
		66C9B0CA20CB463B00A2B14C /* teamOverlayView.swift */ = {isa = PBXFileReference; lastKnownFileType = sourcecode.swift; path = teamOverlayView.swift; sourceTree = "<group>"; };
		66D7B42220CCE9A700F37B96 /* FABrands.otf */ = {isa = PBXFileReference; lastKnownFileType = file; path = FABrands.otf; sourceTree = "<group>"; };
		66D7B42320CCE9A700F37B96 /* FALight.otf */ = {isa = PBXFileReference; lastKnownFileType = file; path = FALight.otf; sourceTree = "<group>"; };
		66D7B42420CCE9A700F37B96 /* FASolid.otf */ = {isa = PBXFileReference; lastKnownFileType = file; path = FASolid.otf; sourceTree = "<group>"; };
		66D7B42520CCE9A700F37B96 /* FARegular.otf */ = {isa = PBXFileReference; lastKnownFileType = file; path = FARegular.otf; sourceTree = "<group>"; };
		66D7B42A20CCF1B100F37B96 /* MenuInterfacingController.swift */ = {isa = PBXFileReference; lastKnownFileType = sourcecode.swift; path = MenuInterfacingController.swift; sourceTree = "<group>"; };
		66D7B43320CCF63000F37B96 /* CoreData.framework */ = {isa = PBXFileReference; lastKnownFileType = wrapper.framework; name = CoreData.framework; path = System/Library/Frameworks/CoreData.framework; sourceTree = SDKROOT; };
		6BE2F75C8B0A07B02B04CC7A /* Pods-Syndra.debug.xcconfig */ = {isa = PBXFileReference; includeInIndex = 1; lastKnownFileType = text.xcconfig; name = "Pods-Syndra.debug.xcconfig"; path = "Pods/Target Support Files/Pods-Syndra/Pods-Syndra.debug.xcconfig"; sourceTree = "<group>"; };
		AA0E18FB2C0FD3699150BFDB /* Pods_Syndra.framework */ = {isa = PBXFileReference; explicitFileType = wrapper.framework; includeInIndex = 0; path = Pods_Syndra.framework; sourceTree = BUILT_PRODUCTS_DIR; };
/* End PBXFileReference section */

/* Begin PBXFrameworksBuildPhase section */
		66C9B0A520CB3C6200A2B14C /* Frameworks */ = {
			isa = PBXFrameworksBuildPhase;
			buildActionMask = 2147483647;
			files = (
				6699EDBD20D337FB001DED0E /* libsqlite3.tbd in Frameworks */,
				75807F5BF0872A5BA1653D6C /* Pods_Syndra.framework in Frameworks */,
			);
			runOnlyForDeploymentPostprocessing = 0;
		};
/* End PBXFrameworksBuildPhase section */

/* Begin PBXGroup section */
		3DB8F8FBCAA102876119075D /* Frameworks */ = {
			isa = PBXGroup;
			children = (
				6699EDBC20D337FB001DED0E /* libsqlite3.tbd */,
				66D7B43320CCF63000F37B96 /* CoreData.framework */,
				AA0E18FB2C0FD3699150BFDB /* Pods_Syndra.framework */,
			);
			name = Frameworks;
			sourceTree = "<group>";
		};
		665BC1B920CC410C00948768 /* Resources */ = {
			isa = PBXGroup;
			children = (
				66D7B42220CCE9A700F37B96 /* FABrands.otf */,
				66D7B42320CCE9A700F37B96 /* FALight.otf */,
				66D7B42520CCE9A700F37B96 /* FARegular.otf */,
				66D7B42420CCE9A700F37B96 /* FASolid.otf */,
				66C9B0B220CB3C6300A2B14C /* Assets.xcassets */,
				66C9B0B420CB3C6300A2B14C /* LaunchScreen.storyboard */,
				66C9B0B720CB3C6300A2B14C /* Info.plist */,
				66800D7020F762A600919239 /* Settings.bundle */,
				66ABA6B2210071C5003FAA11 /* Default.strings */,
				667CC3C12102DE4A00ADEE05 /* MessAround.xib */,
			);
			name = Resources;
			sourceTree = "<group>";
		};
		665BC1BC20CC45F400948768 /* Objects */ = {
			isa = PBXGroup;
			children = (
				66800D6520F7551200919239 /* DayObject.swift */,
				665BC1BF20CC470900948768 /* GameObject.swift */,
				66ABA6B821007ACD003FAA11 /* SeasonObject.swift */,
				66800D6920F7554E00919239 /* SplitObject.swift */,
				665BC1BD20CC460400948768 /* TeamObject.swift */,
				66800D6720F7552B00919239 /* WeekObject.swift */,
				66800D6B20F75CAE00919239 /* DefaultsKeys.swift */,
				66ABA6BA2100894D003FAA11 /* Errors.swift */,
				665E546920F12BA900B96510 /* Extensions.swift */,
				6680BD6120F9AE71004D9F4D /* Protocols.swift */,
			);
			path = Objects;
			sourceTree = "<group>";
		};
		665E546820F12B8700B96510 /* Today Game */ = {
			isa = PBXGroup;
			children = (
				665E546620F12B8000B96510 /* todayGameViewController.swift */,
				66ABA6B621007A98003FAA11 /* LaterGame.swift */,
				66ABA6B421007A6D003FAA11 /* NextGame.swift */,
			);
			path = "Today Game";
			sourceTree = "<group>";
		};
		6680BD6420F9B10B004D9F4D /* Views */ = {
			isa = PBXGroup;
			children = (
				6697609220F854B800F7CAA4 /* AppLoadingViewController.swift */,
				665E546820F12B8700B96510 /* Today Game */,
				66C9B0C320CB41E500A2B14C /* Games View */,
				66C9B0C420CB41ED00A2B14C /* Menu View */,
				66805D182103195800D093CD /* MyTeamsViewController.swift */,
			);
			path = Views;
			sourceTree = "<group>";
		};
		66894FAB20E0BB8E00AE5013 /* Seasons */ = {
			isa = PBXGroup;
			children = (
				66894FB120E0FE8100AE5013 /* s8s1.json */,
				6680CFD420D61B2300682FE2 /* s8s2.json */,
				66894FAC20E0C33F00AE5013 /* available.json */,
			);
			path = Seasons;
			sourceTree = "<group>";
		};
		66ABA6BC210195FC003FAA11 /* Current Games */ = {
			isa = PBXGroup;
			children = (
				665BC1BA20CC420C00948768 /* gamesViewController.swift */,
				66ABA6BD2101961B003FAA11 /* Subviews */,
			);
			name = "Current Games";
			sourceTree = "<group>";
		};
		66ABA6BD2101961B003FAA11 /* Subviews */ = {
			isa = PBXGroup;
			children = (
				66C9B0C620CB436400A2B14C /* scheduleItemTableViewCell.swift */,
				66435F7020DA2C67008C6689 /* scheduleItemSectionHeaderView.swift */,
				66C9B0CA20CB463B00A2B14C /* teamOverlayView.swift */,
				66C013B820E102640095B1EE /* TimeBrowser.swift */,
				6686D95020D3ECEF0058C7B3 /* FeaturedGameView.swift */,
				66ABA6BE2101963F003FAA11 /* GamesTableView.swift */,
			);
			name = Subviews;
			sourceTree = "<group>";
		};
		66C9B09F20CB3C6200A2B14C = {
			isa = PBXGroup;
			children = (
				66C9B0AA20CB3C6200A2B14C /* Syndra */,
				66C9B0A920CB3C6200A2B14C /* Products */,
				F048EB6B44F1BDE9F6FCB2DF /* Pods */,
				3DB8F8FBCAA102876119075D /* Frameworks */,
			);
			sourceTree = "<group>";
		};
		66C9B0A920CB3C6200A2B14C /* Products */ = {
			isa = PBXGroup;
			children = (
				66C9B0A820CB3C6200A2B14C /* Syndra.app */,
			);
			name = Products;
			sourceTree = "<group>";
		};
		66C9B0AA20CB3C6200A2B14C /* Syndra */ = {
			isa = PBXGroup;
			children = (
				66894FAE20E0E29700AE5013 /* Syndra.entitlements */,
				66894FAB20E0BB8E00AE5013 /* Seasons */,
				66C9B0AB20CB3C6200A2B14C /* AppDelegate.swift */,
				6699EDBA20D32D91001DED0E /* GamesCommunicator.swift */,
				665E546420F1277100B96510 /* UIWindowManager.swift */,
				6680BD6420F9B10B004D9F4D /* Views */,
				665BC1BC20CC45F400948768 /* Objects */,
				665BC1B920CC410C00948768 /* Resources */,
			);
			path = Syndra;
			sourceTree = "<group>";
		};
		66C9B0C320CB41E500A2B14C /* Games View */ = {
			isa = PBXGroup;
			children = (
				66ABA6BC210195FC003FAA11 /* Current Games */,
				66C9B0C120CB41D800A2B14C /* gameFilterViewController.swift */,
			);
			path = "Games View";
			sourceTree = "<group>";
		};
		66C9B0C420CB41ED00A2B14C /* Menu View */ = {
			isa = PBXGroup;
			children = (
				66C9B0BF20CB41CB00A2B14C /* menuTableViewController.swift */,
				66D7B42A20CCF1B100F37B96 /* MenuInterfacingController.swift */,
				66894FAF20E0E8F000AE5013 /* menuTableViewCell.swift */,
				66B7E57E20E2BDB300678767 /* menuHeaderView.swift */,
			);
			path = "Menu View";
			sourceTree = "<group>";
		};
		F048EB6B44F1BDE9F6FCB2DF /* Pods */ = {
			isa = PBXGroup;
			children = (
				6BE2F75C8B0A07B02B04CC7A /* Pods-Syndra.debug.xcconfig */,
				536F803088623AC84BB47E41 /* Pods-Syndra.release.xcconfig */,
			);
			name = Pods;
			sourceTree = "<group>";
		};
/* End PBXGroup section */

/* Begin PBXNativeTarget section */
		66C9B0A720CB3C6200A2B14C /* Syndra */ = {
			isa = PBXNativeTarget;
			buildConfigurationList = 66C9B0BA20CB3C6300A2B14C /* Build configuration list for PBXNativeTarget "Syndra" */;
			buildPhases = (
				683506AC5B3D9F5A1871CE08 /* [CP] Check Pods Manifest.lock */,
				66C9B0A420CB3C6200A2B14C /* Sources */,
				66C9B0A520CB3C6200A2B14C /* Frameworks */,
				66800D6F20F75FAF00919239 /* Generate Licenses */,
				66C9B0A620CB3C6200A2B14C /* Resources */,
				0C9F2FE2BAB2867CCCE330EA /* [CP] Embed Pods Frameworks */,
			);
			buildRules = (
			);
			dependencies = (
			);
			name = Syndra;
			productName = Syndra;
			productReference = 66C9B0A820CB3C6200A2B14C /* Syndra.app */;
			productType = "com.apple.product-type.application";
		};
/* End PBXNativeTarget section */

/* Begin PBXProject section */
		66C9B0A020CB3C6200A2B14C /* Project object */ = {
			isa = PBXProject;
			attributes = {
				LastSwiftUpdateCheck = 1000;
				LastUpgradeCheck = 1000;
				ORGANIZATIONNAME = "Mason Phillips";
				TargetAttributes = {
					66C9B0A720CB3C6200A2B14C = {
						CreatedOnToolsVersion = 10.0;
						SystemCapabilities = {
							com.apple.BackgroundModes = {
								enabled = 1;
							};
							com.apple.Push = {
								enabled = 1;
							};
						};
					};
				};
			};
			buildConfigurationList = 66C9B0A320CB3C6200A2B14C /* Build configuration list for PBXProject "Syndra" */;
			compatibilityVersion = "Xcode 9.3";
			developmentRegion = en;
			hasScannedForEncodings = 0;
			knownRegions = (
				en,
				Base,
			);
			mainGroup = 66C9B09F20CB3C6200A2B14C;
			productRefGroup = 66C9B0A920CB3C6200A2B14C /* Products */;
			projectDirPath = "";
			projectRoot = "";
			targets = (
				66C9B0A720CB3C6200A2B14C /* Syndra */,
			);
		};
/* End PBXProject section */

/* Begin PBXResourcesBuildPhase section */
		66C9B0A620CB3C6200A2B14C /* Resources */ = {
			isa = PBXResourcesBuildPhase;
			buildActionMask = 2147483647;
			files = (
				66D7B42720CCE9A700F37B96 /* FALight.otf in Resources */,
				66C9B0B620CB3C6300A2B14C /* LaunchScreen.storyboard in Resources */,
				66800D7120F762A600919239 /* Settings.bundle in Resources */,
				6680CFD520D61B2300682FE2 /* s8s2.json in Resources */,
				667CC3C22102DE4A00ADEE05 /* MessAround.xib in Resources */,
				66D7B42820CCE9A700F37B96 /* FASolid.otf in Resources */,
				66D7B42620CCE9A700F37B96 /* FABrands.otf in Resources */,
				66C9B0B320CB3C6300A2B14C /* Assets.xcassets in Resources */,
				66ABA6B3210071C5003FAA11 /* Default.strings in Resources */,
				66894FB220E0FE8100AE5013 /* s8s1.json in Resources */,
				66D7B42920CCE9A700F37B96 /* FARegular.otf in Resources */,
				66894FAD20E0C33F00AE5013 /* available.json in Resources */,
			);
			runOnlyForDeploymentPostprocessing = 0;
		};
/* End PBXResourcesBuildPhase section */

/* Begin PBXShellScriptBuildPhase section */
		0C9F2FE2BAB2867CCCE330EA /* [CP] Embed Pods Frameworks */ = {
			isa = PBXShellScriptBuildPhase;
			buildActionMask = 2147483647;
			files = (
			);
			inputPaths = (
				"${SRCROOT}/Pods/Target Support Files/Pods-Syndra/Pods-Syndra-frameworks.sh",
				"${BUILT_PRODUCTS_DIR}/AppVersionMonitor/AppVersionMonitor.framework",
				"${BUILT_PRODUCTS_DIR}/Bolts/Bolts.framework",
				"${BUILT_PRODUCTS_DIR}/ChameleonFramework/ChameleonFramework.framework",
				"${BUILT_PRODUCTS_DIR}/FontBlaster/FontBlaster.framework",
				"${BUILT_PRODUCTS_DIR}/GCDKit/GCDKit.framework",
				"${BUILT_PRODUCTS_DIR}/MMDrawerController/MMDrawerController.framework",
				"${BUILT_PRODUCTS_DIR}/MiniLayout/MiniLayout.framework",
				"${BUILT_PRODUCTS_DIR}/NVActivityIndicatorView/NVActivityIndicatorView.framework",
				"${BUILT_PRODUCTS_DIR}/Neon/Neon.framework",
				"${BUILT_PRODUCTS_DIR}/PMSuperButton/PMSuperButton.framework",
				"${BUILT_PRODUCTS_DIR}/Parse/Parse.framework",
				"${BUILT_PRODUCTS_DIR}/RetroProgress/RetroProgress.framework",
				"${BUILT_PRODUCTS_DIR}/SCLAlertView/SCLAlertView.framework",
				"${BUILT_PRODUCTS_DIR}/Spring/Spring.framework",
				"${BUILT_PRODUCTS_DIR}/StepProgressView/StepProgressView.framework",
				"${BUILT_PRODUCTS_DIR}/SuperDelegate/SuperDelegate.framework",
				"${BUILT_PRODUCTS_DIR}/SwiftDate/SwiftDate.framework",
				"${BUILT_PRODUCTS_DIR}/SwiftyJSON/SwiftyJSON.framework",
				"${BUILT_PRODUCTS_DIR}/SwiftyUserDefaults/SwiftyUserDefaults.framework",
				"${BUILT_PRODUCTS_DIR}/TableFlip/TableFlip.framework",
				"${BUILT_PRODUCTS_DIR}/Toucan/Toucan.framework",
			);
			name = "[CP] Embed Pods Frameworks";
			outputPaths = (
				"${TARGET_BUILD_DIR}/${FRAMEWORKS_FOLDER_PATH}/AppVersionMonitor.framework",
				"${TARGET_BUILD_DIR}/${FRAMEWORKS_FOLDER_PATH}/Bolts.framework",
				"${TARGET_BUILD_DIR}/${FRAMEWORKS_FOLDER_PATH}/ChameleonFramework.framework",
				"${TARGET_BUILD_DIR}/${FRAMEWORKS_FOLDER_PATH}/FontBlaster.framework",
				"${TARGET_BUILD_DIR}/${FRAMEWORKS_FOLDER_PATH}/GCDKit.framework",
				"${TARGET_BUILD_DIR}/${FRAMEWORKS_FOLDER_PATH}/MMDrawerController.framework",
				"${TARGET_BUILD_DIR}/${FRAMEWORKS_FOLDER_PATH}/MiniLayout.framework",
				"${TARGET_BUILD_DIR}/${FRAMEWORKS_FOLDER_PATH}/NVActivityIndicatorView.framework",
				"${TARGET_BUILD_DIR}/${FRAMEWORKS_FOLDER_PATH}/Neon.framework",
				"${TARGET_BUILD_DIR}/${FRAMEWORKS_FOLDER_PATH}/PMSuperButton.framework",
				"${TARGET_BUILD_DIR}/${FRAMEWORKS_FOLDER_PATH}/Parse.framework",
				"${TARGET_BUILD_DIR}/${FRAMEWORKS_FOLDER_PATH}/RetroProgress.framework",
				"${TARGET_BUILD_DIR}/${FRAMEWORKS_FOLDER_PATH}/SCLAlertView.framework",
				"${TARGET_BUILD_DIR}/${FRAMEWORKS_FOLDER_PATH}/Spring.framework",
				"${TARGET_BUILD_DIR}/${FRAMEWORKS_FOLDER_PATH}/StepProgressView.framework",
				"${TARGET_BUILD_DIR}/${FRAMEWORKS_FOLDER_PATH}/SuperDelegate.framework",
				"${TARGET_BUILD_DIR}/${FRAMEWORKS_FOLDER_PATH}/SwiftDate.framework",
				"${TARGET_BUILD_DIR}/${FRAMEWORKS_FOLDER_PATH}/SwiftyJSON.framework",
				"${TARGET_BUILD_DIR}/${FRAMEWORKS_FOLDER_PATH}/SwiftyUserDefaults.framework",
				"${TARGET_BUILD_DIR}/${FRAMEWORKS_FOLDER_PATH}/TableFlip.framework",
				"${TARGET_BUILD_DIR}/${FRAMEWORKS_FOLDER_PATH}/Toucan.framework",
			);
			runOnlyForDeploymentPostprocessing = 0;
			shellPath = /bin/sh;
			shellScript = "\"${SRCROOT}/Pods/Target Support Files/Pods-Syndra/Pods-Syndra-frameworks.sh\"\n";
			showEnvVarsInLog = 0;
		};
		66800D6F20F75FAF00919239 /* Generate Licenses */ = {
			isa = PBXShellScriptBuildPhase;
			buildActionMask = 2147483647;
			files = (
			);
			inputPaths = (
			);
			name = "Generate Licenses";
			outputPaths = (
			);
			runOnlyForDeploymentPostprocessing = 0;
			shellPath = /bin/sh;
			shellScript = "license-plist --output-path $PRODUCT_NAME/Settings.bundle --add-version-numbers --suppress-opening-directory\n";
		};
		683506AC5B3D9F5A1871CE08 /* [CP] Check Pods Manifest.lock */ = {
			isa = PBXShellScriptBuildPhase;
			buildActionMask = 2147483647;
			files = (
			);
			inputPaths = (
				"${PODS_PODFILE_DIR_PATH}/Podfile.lock",
				"${PODS_ROOT}/Manifest.lock",
			);
			name = "[CP] Check Pods Manifest.lock";
			outputPaths = (
				"$(DERIVED_FILE_DIR)/Pods-Syndra-checkManifestLockResult.txt",
			);
			runOnlyForDeploymentPostprocessing = 0;
			shellPath = /bin/sh;
			shellScript = "diff \"${PODS_PODFILE_DIR_PATH}/Podfile.lock\" \"${PODS_ROOT}/Manifest.lock\" > /dev/null\nif [ $? != 0 ] ; then\n    # print error to STDERR\n    echo \"error: The sandbox is not in sync with the Podfile.lock. Run 'pod install' or update your CocoaPods installation.\" >&2\n    exit 1\nfi\n# This output is used by Xcode 'outputs' to avoid re-running this script phase.\necho \"SUCCESS\" > \"${SCRIPT_OUTPUT_FILE_0}\"\n";
			showEnvVarsInLog = 0;
		};
/* End PBXShellScriptBuildPhase section */

/* Begin PBXSourcesBuildPhase section */
		66C9B0A420CB3C6200A2B14C /* Sources */ = {
			isa = PBXSourcesBuildPhase;
			buildActionMask = 2147483647;
			files = (
				665BC1BB20CC420C00948768 /* gamesViewController.swift in Sources */,
				66ABA6B921007ACD003FAA11 /* SeasonObject.swift in Sources */,
				66C9B0C820CB436400A2B14C /* scheduleItemTableViewCell.swift in Sources */,
				6697609320F854B800F7CAA4 /* AppLoadingViewController.swift in Sources */,
				6686D95120D3ECEF0058C7B3 /* FeaturedGameView.swift in Sources */,
				66ABA6B721007A98003FAA11 /* LaterGame.swift in Sources */,
				66C9B0C220CB41D800A2B14C /* gameFilterViewController.swift in Sources */,
				66C9B0AC20CB3C6200A2B14C /* AppDelegate.swift in Sources */,
				66ABA6B521007A6D003FAA11 /* NextGame.swift in Sources */,
				66805D192103195800D093CD /* MyTeamsViewController.swift in Sources */,
				66C9B0CB20CB463B00A2B14C /* teamOverlayView.swift in Sources */,
				66800D6620F7551200919239 /* DayObject.swift in Sources */,
				6680BD6220F9AE71004D9F4D /* Protocols.swift in Sources */,
				66C9B0C020CB41CB00A2B14C /* menuTableViewController.swift in Sources */,
				66800D6A20F7554E00919239 /* SplitObject.swift in Sources */,
				66B7E57F20E2BDB300678767 /* menuHeaderView.swift in Sources */,
				66435F7120DA2C67008C6689 /* scheduleItemSectionHeaderView.swift in Sources */,
				665BC1C020CC470900948768 /* GameObject.swift in Sources */,
				66800D6820F7552B00919239 /* WeekObject.swift in Sources */,
				66ABA6BF2101963F003FAA11 /* GamesTableView.swift in Sources */,
				665E546A20F12BA900B96510 /* Extensions.swift in Sources */,
				665BC1BE20CC460400948768 /* TeamObject.swift in Sources */,
				66ABA6BB2100894D003FAA11 /* Errors.swift in Sources */,
				66800D6C20F75CAE00919239 /* DefaultsKeys.swift in Sources */,
				665E546520F1277100B96510 /* UIWindowManager.swift in Sources */,
				6699EDBB20D32D91001DED0E /* GamesCommunicator.swift in Sources */,
				66894FB020E0E8F000AE5013 /* menuTableViewCell.swift in Sources */,
				66C013B920E102640095B1EE /* TimeBrowser.swift in Sources */,
				665E546720F12B8000B96510 /* todayGameViewController.swift in Sources */,
				66D7B42B20CCF1B100F37B96 /* MenuInterfacingController.swift in Sources */,
			);
			runOnlyForDeploymentPostprocessing = 0;
		};
/* End PBXSourcesBuildPhase section */

/* Begin PBXVariantGroup section */
		66C9B0B420CB3C6300A2B14C /* LaunchScreen.storyboard */ = {
			isa = PBXVariantGroup;
			children = (
				66C9B0B520CB3C6300A2B14C /* Base */,
			);
			name = LaunchScreen.storyboard;
			sourceTree = "<group>";
		};
/* End PBXVariantGroup section */

/* Begin XCBuildConfiguration section */
		66C9B0B820CB3C6300A2B14C /* Debug */ = {
			isa = XCBuildConfiguration;
			buildSettings = {
				ALWAYS_SEARCH_USER_PATHS = NO;
				CLANG_ANALYZER_NONNULL = YES;
				CLANG_ANALYZER_NUMBER_OBJECT_CONVERSION = YES_AGGRESSIVE;
				CLANG_CXX_LANGUAGE_STANDARD = "gnu++14";
				CLANG_CXX_LIBRARY = "libc++";
				CLANG_ENABLE_MODULES = YES;
				CLANG_ENABLE_OBJC_ARC = YES;
				CLANG_ENABLE_OBJC_WEAK = YES;
				CLANG_WARN_BLOCK_CAPTURE_AUTORELEASING = YES;
				CLANG_WARN_BOOL_CONVERSION = YES;
				CLANG_WARN_COMMA = YES;
				CLANG_WARN_CONSTANT_CONVERSION = YES;
				CLANG_WARN_DEPRECATED_OBJC_IMPLEMENTATIONS = YES;
				CLANG_WARN_DIRECT_OBJC_ISA_USAGE = YES_ERROR;
				CLANG_WARN_DOCUMENTATION_COMMENTS = YES;
				CLANG_WARN_EMPTY_BODY = YES;
				CLANG_WARN_ENUM_CONVERSION = YES;
				CLANG_WARN_INFINITE_RECURSION = YES;
				CLANG_WARN_INT_CONVERSION = YES;
				CLANG_WARN_NON_LITERAL_NULL_CONVERSION = YES;
				CLANG_WARN_OBJC_IMPLICIT_RETAIN_SELF = YES;
				CLANG_WARN_OBJC_LITERAL_CONVERSION = YES;
				CLANG_WARN_OBJC_ROOT_CLASS = YES_ERROR;
				CLANG_WARN_RANGE_LOOP_ANALYSIS = YES;
				CLANG_WARN_STRICT_PROTOTYPES = YES;
				CLANG_WARN_SUSPICIOUS_MOVE = YES;
				CLANG_WARN_UNGUARDED_AVAILABILITY = YES_AGGRESSIVE;
				CLANG_WARN_UNREACHABLE_CODE = YES;
				CLANG_WARN__DUPLICATE_METHOD_MATCH = YES;
				CODE_SIGN_IDENTITY = "iPhone Developer";
				COPY_PHASE_STRIP = NO;
				DEBUG_INFORMATION_FORMAT = dwarf;
				ENABLE_STRICT_OBJC_MSGSEND = YES;
				ENABLE_TESTABILITY = YES;
				GCC_C_LANGUAGE_STANDARD = gnu11;
				GCC_DYNAMIC_NO_PIC = NO;
				GCC_NO_COMMON_BLOCKS = YES;
				GCC_OPTIMIZATION_LEVEL = 0;
				GCC_PREPROCESSOR_DEFINITIONS = (
					"DEBUG=1",
					"$(inherited)",
				);
				GCC_WARN_64_TO_32_BIT_CONVERSION = YES;
				GCC_WARN_ABOUT_RETURN_TYPE = YES_ERROR;
				GCC_WARN_UNDECLARED_SELECTOR = YES;
				GCC_WARN_UNINITIALIZED_AUTOS = YES_AGGRESSIVE;
				GCC_WARN_UNUSED_FUNCTION = YES;
				GCC_WARN_UNUSED_VARIABLE = YES;
				IPHONEOS_DEPLOYMENT_TARGET = 12.0;
				MTL_ENABLE_DEBUG_INFO = INCLUDE_SOURCE;
				ONLY_ACTIVE_ARCH = YES;
				SDKROOT = iphoneos;
				SWIFT_ACTIVE_COMPILATION_CONDITIONS = DEBUG;
				SWIFT_OPTIMIZATION_LEVEL = "-Onone";
			};
			name = Debug;
		};
		66C9B0B920CB3C6300A2B14C /* Release */ = {
			isa = XCBuildConfiguration;
			buildSettings = {
				ALWAYS_SEARCH_USER_PATHS = NO;
				CLANG_ANALYZER_NONNULL = YES;
				CLANG_ANALYZER_NUMBER_OBJECT_CONVERSION = YES_AGGRESSIVE;
				CLANG_CXX_LANGUAGE_STANDARD = "gnu++14";
				CLANG_CXX_LIBRARY = "libc++";
				CLANG_ENABLE_MODULES = YES;
				CLANG_ENABLE_OBJC_ARC = YES;
				CLANG_ENABLE_OBJC_WEAK = YES;
				CLANG_WARN_BLOCK_CAPTURE_AUTORELEASING = YES;
				CLANG_WARN_BOOL_CONVERSION = YES;
				CLANG_WARN_COMMA = YES;
				CLANG_WARN_CONSTANT_CONVERSION = YES;
				CLANG_WARN_DEPRECATED_OBJC_IMPLEMENTATIONS = YES;
				CLANG_WARN_DIRECT_OBJC_ISA_USAGE = YES_ERROR;
				CLANG_WARN_DOCUMENTATION_COMMENTS = YES;
				CLANG_WARN_EMPTY_BODY = YES;
				CLANG_WARN_ENUM_CONVERSION = YES;
				CLANG_WARN_INFINITE_RECURSION = YES;
				CLANG_WARN_INT_CONVERSION = YES;
				CLANG_WARN_NON_LITERAL_NULL_CONVERSION = YES;
				CLANG_WARN_OBJC_IMPLICIT_RETAIN_SELF = YES;
				CLANG_WARN_OBJC_LITERAL_CONVERSION = YES;
				CLANG_WARN_OBJC_ROOT_CLASS = YES_ERROR;
				CLANG_WARN_RANGE_LOOP_ANALYSIS = YES;
				CLANG_WARN_STRICT_PROTOTYPES = YES;
				CLANG_WARN_SUSPICIOUS_MOVE = YES;
				CLANG_WARN_UNGUARDED_AVAILABILITY = YES_AGGRESSIVE;
				CLANG_WARN_UNREACHABLE_CODE = YES;
				CLANG_WARN__DUPLICATE_METHOD_MATCH = YES;
				CODE_SIGN_IDENTITY = "iPhone Developer";
				COPY_PHASE_STRIP = NO;
				DEBUG_INFORMATION_FORMAT = "dwarf-with-dsym";
				ENABLE_NS_ASSERTIONS = NO;
				ENABLE_STRICT_OBJC_MSGSEND = YES;
				GCC_C_LANGUAGE_STANDARD = gnu11;
				GCC_NO_COMMON_BLOCKS = YES;
				GCC_WARN_64_TO_32_BIT_CONVERSION = YES;
				GCC_WARN_ABOUT_RETURN_TYPE = YES_ERROR;
				GCC_WARN_UNDECLARED_SELECTOR = YES;
				GCC_WARN_UNINITIALIZED_AUTOS = YES_AGGRESSIVE;
				GCC_WARN_UNUSED_FUNCTION = YES;
				GCC_WARN_UNUSED_VARIABLE = YES;
				IPHONEOS_DEPLOYMENT_TARGET = 12.0;
				MTL_ENABLE_DEBUG_INFO = NO;
				SDKROOT = iphoneos;
				SWIFT_COMPILATION_MODE = wholemodule;
				SWIFT_OPTIMIZATION_LEVEL = "-O";
				VALIDATE_PRODUCT = YES;
			};
			name = Release;
		};
		66C9B0BB20CB3C6300A2B14C /* Debug */ = {
			isa = XCBuildConfiguration;
			baseConfigurationReference = 6BE2F75C8B0A07B02B04CC7A /* Pods-Syndra.debug.xcconfig */;
			buildSettings = {
				ASSETCATALOG_COMPILER_APPICON_NAME = AppIcon;
				CODE_SIGN_ENTITLEMENTS = Syndra/Syndra.entitlements;
				CODE_SIGN_STYLE = Automatic;
				CURRENT_PROJECT_VERSION = 5;
				DEVELOPMENT_TEAM = 6S4L29QT59;
				INFOPLIST_FILE = Syndra/Info.plist;
				IPHONEOS_DEPLOYMENT_TARGET = 11.3;
				LD_RUNPATH_SEARCH_PATHS = (
					"$(inherited)",
					"@executable_path/Frameworks",
				);
				OTHER_SWIFT_FLAGS = "$(inherited) \"-D\" \"COCOAPODS\"";
				PRODUCT_BUNDLE_IDENTIFIER = org.matrixstudios.Syndra;
				PRODUCT_NAME = "$(TARGET_NAME)";
				SWIFT_VERSION = 4.2;
				TARGETED_DEVICE_FAMILY = 1;
				VERSIONING_SYSTEM = "apple-generic";
			};
			name = Debug;
		};
		66C9B0BC20CB3C6300A2B14C /* Release */ = {
			isa = XCBuildConfiguration;
			baseConfigurationReference = 536F803088623AC84BB47E41 /* Pods-Syndra.release.xcconfig */;
			buildSettings = {
				ASSETCATALOG_COMPILER_APPICON_NAME = AppIcon;
				CODE_SIGN_ENTITLEMENTS = Syndra/Syndra.entitlements;
				CODE_SIGN_STYLE = Automatic;
				CURRENT_PROJECT_VERSION = 5;
				DEVELOPMENT_TEAM = 6S4L29QT59;
				INFOPLIST_FILE = Syndra/Info.plist;
				IPHONEOS_DEPLOYMENT_TARGET = 11.3;
				LD_RUNPATH_SEARCH_PATHS = (
					"$(inherited)",
					"@executable_path/Frameworks",
				);
				OTHER_SWIFT_FLAGS = "$(inherited) \"-D\" \"COCOAPODS\"";
				PRODUCT_BUNDLE_IDENTIFIER = org.matrixstudios.Syndra;
				PRODUCT_NAME = "$(TARGET_NAME)";
				SWIFT_VERSION = 4.2;
				TARGETED_DEVICE_FAMILY = 1;
				VERSIONING_SYSTEM = "apple-generic";
			};
			name = Release;
		};
/* End XCBuildConfiguration section */

/* Begin XCConfigurationList section */
		66C9B0A320CB3C6200A2B14C /* Build configuration list for PBXProject "Syndra" */ = {
			isa = XCConfigurationList;
			buildConfigurations = (
				66C9B0B820CB3C6300A2B14C /* Debug */,
				66C9B0B920CB3C6300A2B14C /* Release */,
			);
			defaultConfigurationIsVisible = 0;
			defaultConfigurationName = Release;
		};
		66C9B0BA20CB3C6300A2B14C /* Build configuration list for PBXNativeTarget "Syndra" */ = {
			isa = XCConfigurationList;
			buildConfigurations = (
				66C9B0BB20CB3C6300A2B14C /* Debug */,
				66C9B0BC20CB3C6300A2B14C /* Release */,
			);
			defaultConfigurationIsVisible = 0;
			defaultConfigurationName = Release;
		};
/* End XCConfigurationList section */
	};
	rootObject = 66C9B0A020CB3C6200A2B14C /* Project object */;
}
